
Microsoft Visual Studio Solution File, Format Version 12.00
# Visual Studio Version 16
VisualStudioVersion = 16.0.30406.217
MinimumVisualStudioVersion = 10.0.40219.1
Project("{FAE04EC0-301F-11D3-BF4B-00C04F79EFBC}") = "WebApi", "WebApi\WebApi.csproj", "{4C09AFD4-567F-4D17-B948-B5F056ED2089}"
EndProject
Project("{FAE04EC0-301F-11D3-BF4B-00C04F79EFBC}") = "Mvc", "Mvc\Mvc.csproj", "{73035161-6F73-4E1B-9CEE-46AA46C9EA3A}"
EndProject
Global
	GlobalSection(SolutionConfigurationPlatforms) = preSolution
		Debug|Any CPU = Debug|Any CPU
		Release|Any CPU = Release|Any CPU
	EndGlobalSection
	GlobalSection(ProjectConfigurationPlatforms) = postSolution
		{4C09AFD4-567F-4D17-B948-B5F056ED2089}.Debug|Any CPU.ActiveCfg = Debug|Any CPU
		{4C09AFD4-567F-4D17-B948-B5F056ED2089}.Debug|Any CPU.Build.0 = Debug|Any CPU
		{4C09AFD4-567F-4D17-B948-B5F056ED2089}.Release|Any CPU.ActiveCfg = Release|Any CPU
		{4C09AFD4-567F-4D17-B948-B5F056ED2089}.Release|Any CPU.Build.0 = Release|Any CPU
		{73035161-6F73-4E1B-9CEE-46AA46C9EA3A}.Debug|Any CPU.ActiveCfg = Debug|Any CPU
		{73035161-6F73-4E1B-9CEE-46AA46C9EA3A}.Debug|Any CPU.Build.0 = Debug|Any CPU
		{73035161-6F73-4E1B-9CEE-46AA46C9EA3A}.Release|Any CPU.ActiveCfg = Release|Any CPU
		{73035161-6F73-4E1B-9CEE-46AA46C9EA3A}.Release|Any CPU.Build.0 = Release|Any CPU
	EndGlobalSection
	GlobalSection(SolutionProperties) = preSolution
		HideSolutionNode = FALSE
	EndGlobalSection
	GlobalSection(ExtensibilityGlobals) = postSolution
		SolutionGuid = {5DAB2A04-49CB-4193-8B9D-AF8F4302EF3C}
	EndGlobalSection
EndGlobal
